{
  "name": "models",
  "version": "0.1.0",
  "lockfileVersion": 3,
  "requires": true,
  "packages": {
    "": {
      "name": "models",
      "version": "0.1.0",
      "dependencies": {
        "clients": "file:../../clients/typescript"
      }
    },
    "../../clients/typescript": {
      "name": "clients",
      "version": "0.1.0"
    },
    "node_modules/clients": {
      "resolved": "../../clients/typescript",
      "link": true
    }
  }
}
